
Microsoft Visual Studio Solution File, Format Version 12.00
# Visual Studio 15
VisualStudioVersion = 15.0.28307.421
MinimumVisualStudioVersion = 10.0.40219.1
Project("{FAE04EC0-301F-11D3-BF4B-00C04F79EFBC}") = "LivreEventDelegate", "LivreEventDelegate\LivreEventDelegate.csproj", "{C094C438-7B3C-41AA-A60F-D78BDFE3B1CD}"
EndProject
Global
	GlobalSection(SolutionConfigurationPlatforms) = preSolution
		Debug|Any CPU = Debug|Any CPU
		Release|Any CPU = Release|Any CPU
	EndGlobalSection
	GlobalSection(ProjectConfigurationPlatforms) = postSolution
		{C094C438-7B3C-41AA-A60F-D78BDFE3B1CD}.Debug|Any CPU.ActiveCfg = Debug|Any CPU
		{C094C438-7B3C-41AA-A60F-D78BDFE3B1CD}.Debug|Any CPU.Build.0 = Debug|Any CPU
		{C094C438-7B3C-41AA-A60F-D78BDFE3B1CD}.Release|Any CPU.ActiveCfg = Release|Any CPU
		{C094C438-7B3C-41AA-A60F-D78BDFE3B1CD}.Release|Any CPU.Build.0 = Release|Any CPU
	EndGlobalSection
	GlobalSection(SolutionProperties) = preSolution
		HideSolutionNode = FALSE
	EndGlobalSection
	GlobalSection(ExtensibilityGlobals) = postSolution
		SolutionGuid = {46D28C1E-A1B0-4F0E-BB2C-2BF1E26E6471}
	EndGlobalSection
EndGlobal
